
Microsoft Visual Studio Solution File, Format Version 12.00
# Visual Studio Version 17
VisualStudioVersion = 17.8.34408.163
MinimumVisualStudioVersion = 10.0.40219.1
Project("{FAE04EC0-301F-11D3-BF4B-00C04F79EFBC}") = "MyConsoleApplication", "MyConsoleApplication.\MyConsoleApplication.csproj", "{E329E2CB-8A43-485F-8184-E494AC9ACAA5}"
EndProject
Global
	GlobalSection(SolutionConfigurationPlatforms) = preSolution
		Debug|Any CPU = Debug|Any CPU
		Release|Any CPU = Release|Any CPU
	EndGlobalSection
	GlobalSection(ProjectConfigurationPlatforms) = postSolution
		{E329E2CB-8A43-485F-8184-E494AC9ACAA5}.Debug|Any CPU.ActiveCfg = Debug|Any CPU
		{E329E2CB-8A43-485F-8184-E494AC9ACAA5}.Debug|Any CPU.Build.0 = Debug|Any CPU
		{E329E2CB-8A43-485F-8184-E494AC9ACAA5}.Release|Any CPU.ActiveCfg = Release|Any CPU
		{E329E2CB-8A43-485F-8184-E494AC9ACAA5}.Release|Any CPU.Build.0 = Release|Any CPU
	EndGlobalSection
	GlobalSection(SolutionProperties) = preSolution
		HideSolutionNode = FALSE
	EndGlobalSection
	GlobalSection(ExtensibilityGlobals) = postSolution
		SolutionGuid = {113EA0A1-58DD-48E9-AE8C-44C47253295D}
	EndGlobalSection
EndGlobal
